// !$*UTF8*$!
{
	archiveVersion = 1;
	classes = {
	};
	objectVersion = 50;
	objects = {

/* Begin PBXBuildFile section */
		492F0F592269505E00C6C575 /* AppDelegate.swift in Sources */ = {isa = PBXBuildFile; fileRef = 492F0F582269505E00C6C575 /* AppDelegate.swift */; };
		492F0F5B2269505E00C6C575 /* ViewController.swift in Sources */ = {isa = PBXBuildFile; fileRef = 492F0F5A2269505E00C6C575 /* ViewController.swift */; };
		492F0F5E2269505E00C6C575 /* Main.storyboard in Resources */ = {isa = PBXBuildFile; fileRef = 492F0F5C2269505E00C6C575 /* Main.storyboard */; };
		492F0F612269505E00C6C575 /* Artble.xcdatamodeld in Sources */ = {isa = PBXBuildFile; fileRef = 492F0F5F2269505E00C6C575 /* Artble.xcdatamodeld */; };
		492F0F632269506000C6C575 /* Assets.xcassets in Resources */ = {isa = PBXBuildFile; fileRef = 492F0F622269506000C6C575 /* Assets.xcassets */; };
		492F0F662269506000C6C575 /* LaunchScreen.storyboard in Resources */ = {isa = PBXBuildFile; fileRef = 492F0F642269506000C6C575 /* LaunchScreen.storyboard */; };
/* End PBXBuildFile section */

/* Begin PBXFileReference section */
		492F0F552269505E00C6C575 /* Artble.app */ = {isa = PBXFileReference; explicitFileType = wrapper.application; includeInIndex = 0; path = Artble.app; sourceTree = BUILT_PRODUCTS_DIR; };
		492F0F582269505E00C6C575 /* AppDelegate.swift */ = {isa = PBXFileReference; lastKnownFileType = sourcecode.swift; path = AppDelegate.swift; sourceTree = "<group>"; };
		492F0F5A2269505E00C6C575 /* ViewController.swift */ = {isa = PBXFileReference; lastKnownFileType = sourcecode.swift; path = ViewController.swift; sourceTree = "<group>"; };
		492F0F5D2269505E00C6C575 /* Base */ = {isa = PBXFileReference; lastKnownFileType = file.storyboard; name = Base; path = Base.lproj/Main.storyboard; sourceTree = "<group>"; };
		492F0F602269505E00C6C575 /* Artble.xcdatamodel */ = {isa = PBXFileReference; lastKnownFileType = wrapper.xcdatamodel; path = Artble.xcdatamodel; sourceTree = "<group>"; };
		492F0F622269506000C6C575 /* Assets.xcassets */ = {isa = PBXFileReference; lastKnownFileType = folder.assetcatalog; path = Assets.xcassets; sourceTree = "<group>"; };
		492F0F652269506000C6C575 /* Base */ = {isa = PBXFileReference; lastKnownFileType = file.storyboard; name = Base; path = Base.lproj/LaunchScreen.storyboard; sourceTree = "<group>"; };
		492F0F672269506000C6C575 /* Info.plist */ = {isa = PBXFileReference; lastKnownFileType = text.plist.xml; path = Info.plist; sourceTree = "<group>"; };
/* End PBXFileReference section */

/* Begin PBXFrameworksBuildPhase section */
		492F0F522269505E00C6C575 /* Frameworks */ = {
			isa = PBXFrameworksBuildPhase;
			buildActionMask = 2147483647;
			files = (
			);
			runOnlyForDeploymentPostprocessing = 0;
		};
/* End PBXFrameworksBuildPhase section */

/* Begin PBXGroup section */
		492F0F4C2269505E00C6C575 = {
			isa = PBXGroup;
			children = (
				492F0F572269505E00C6C575 /* Artble */,
				492F0F562269505E00C6C575 /* Products */,
			);
			sourceTree = "<group>";
		};
		492F0F562269505E00C6C575 /* Products */ = {
			isa = PBXGroup;
			children = (
				492F0F552269505E00C6C575 /* Artble.app */,
			);
			name = Products;
			sourceTree = "<group>";
		};
		492F0F572269505E00C6C575 /* Artble */ = {
			isa = PBXGroup;
			children = (
				492F0F582269505E00C6C575 /* AppDelegate.swift */,
				492F0F5A2269505E00C6C575 /* ViewController.swift */,
				492F0F5C2269505E00C6C575 /* Main.storyboard */,
				492F0F622269506000C6C575 /* Assets.xcassets */,
				492F0F642269506000C6C575 /* LaunchScreen.storyboard */,
				492F0F672269506000C6C575 /* Info.plist */,
				492F0F5F2269505E00C6C575 /* Artble.xcdatamodeld */,
			);
			path = Artble;
			sourceTree = "<group>";
		};
/* End PBXGroup section */

/* Begin PBXNativeTarget section */
		492F0F542269505E00C6C575 /* Artble */ = {
			isa = PBXNativeTarget;
			buildConfigurationList = 492F0F6A2269506000C6C575 /* Build configuration list for PBXNativeTarget "Artble" */;
			buildPhases = (
				492F0F512269505E00C6C575 /* Sources */,
				492F0F522269505E00C6C575 /* Frameworks */,
				492F0F532269505E00C6C575 /* Resources */,
			);
			buildRules = (
			);
			dependencies = (
			);
			name = Artble;
			productName = Artble;
			productReference = 492F0F552269505E00C6C575 /* Artble.app */;
			productType = "com.apple.product-type.application";
		};
/* End PBXNativeTarget section */

/* Begin PBXProject section */
		492F0F4D2269505E00C6C575 /* Project object */ = {
			isa = PBXProject;
			attributes = {
				LastSwiftUpdateCheck = 1020;
				LastUpgradeCheck = 1020;
				ORGANIZATIONNAME = 1;
				TargetAttributes = {
					492F0F542269505E00C6C575 = {
						CreatedOnToolsVersion = 10.2.1;
					};
				};
			};
			buildConfigurationList = 492F0F502269505E00C6C575 /* Build configuration list for PBXProject "Artble" */;
			compatibilityVersion = "Xcode 9.3";
			developmentRegion = en;
			hasScannedForEncodings = 0;
			knownRegions = (
				en,
				Base,
			);
			mainGroup = 492F0F4C2269505E00C6C575;
			productRefGroup = 492F0F562269505E00C6C575 /* Products */;
			projectDirPath = "";
			projectRoot = "";
			targets = (
				492F0F542269505E00C6C575 /* Artble */,
			);
		};
/* End PBXProject section */

/* Begin PBXResourcesBuildPhase section */
		492F0F532269505E00C6C575 /* Resources */ = {
			isa = PBXResourcesBuildPhase;
			buildActionMask = 2147483647;
			files = (
				492F0F662269506000C6C575 /* LaunchScreen.storyboard in Resources */,
				492F0F632269506000C6C575 /* Assets.xcassets in Resources */,
				492F0F5E2269505E00C6C575 /* Main.storyboard in Resources */,
			);
			runOnlyForDeploymentPostprocessing = 0;
		};
/* End PBXResourcesBuildPhase section */

/* Begin PBXSourcesBuildPhase section */
		492F0F512269505E00C6C575 /* Sources */ = {
			isa = PBXSourcesBuildPhase;
			buildActionMask = 2147483647;
			files = (
				492F0F5B2269505E00C6C575 /* ViewController.swift in Sources */,
				492F0F612269505E00C6C575 /* Artble.xcdatamodeld in Sources */,
				492F0F592269505E00C6C575 /* AppDelegate.swift in Sources */,
			);
			runOnlyForDeploymentPostprocessing = 0;
		};
/* End PBXSourcesBuildPhase section */

/* Begin PBXVariantGroup section */
		492F0F5C2269505E00C6C575 /* Main.storyboard */ = {
			isa = PBXVariantGroup;
			children = (
				492F0F5D2269505E00C6C575 /* Base */,
			);
			name = Main.storyboard;
			sourceTree = "<group>";
		};
		492F0F642269506000C6C575 /* LaunchScreen.storyboard */ = {
			isa = PBXVariantGroup;
			children = (
				492F0F652269506000C6C575 /* Base */,
			);
			name = LaunchScreen.storyboard;
			sourceTree = "<group>";
		};
/* End PBXVariantGroup section */

/* Begin XCBuildConfiguration section */
		492F0F682269506000C6C575 /* Debug */ = {
			isa = XCBuildConfiguration;
			buildSettings = {
				ALWAYS_SEARCH_USER_PATHS = NO;
				CLANG_ANALYZER_NONNULL = YES;
				CLANG_ANALYZER_NUMBER_OBJECT_CONVERSION = YES_AGGRESSIVE;
				CLANG_CXX_LANGUAGE_STANDARD = "gnu++14";
				CLANG_CXX_LIBRARY = "libc++";
				CLANG_ENABLE_MODULES = YES;
				CLANG_ENABLE_OBJC_ARC = YES;
				CLANG_ENABLE_OBJC_WEAK = YES;
				CLANG_WARN_BLOCK_CAPTURE_AUTORELEASING = YES;
				CLANG_WARN_BOOL_CONVERSION = YES;
				CLANG_WARN_COMMA = YES;
				CLANG_WARN_CONSTANT_CONVERSION = YES;
				CLANG_WARN_DEPRECATED_OBJC_IMPLEMENTATIONS = YES;
				CLANG_WARN_DIRECT_OBJC_ISA_USAGE = YES_ERROR;
				CLANG_WARN_DOCUMENTATION_COMMENTS = YES;
				CLANG_WARN_EMPTY_BODY = YES;
				CLANG_WARN_ENUM_CONVERSION = YES;
				CLANG_WARN_INFINITE_RECURSION = YES;
				CLANG_WARN_INT_CONVERSION = YES;
				CLANG_WARN_NON_LITERAL_NULL_CONVERSION = YES;
				CLANG_WARN_OBJC_IMPLICIT_RETAIN_SELF = YES;
				CLANG_WARN_OBJC_LITERAL_CONVERSION = YES;
				CLANG_WARN_OBJC_ROOT_CLASS = YES_ERROR;
				CLANG_WARN_RANGE_LOOP_ANALYSIS = YES;
				CLANG_WARN_STRICT_PROTOTYPES = YES;
				CLANG_WARN_SUSPICIOUS_MOVE = YES;
				CLANG_WARN_UNGUARDED_AVAILABILITY = YES_AGGRESSIVE;
				CLANG_WARN_UNREACHABLE_CODE = YES;
				CLANG_WARN__DUPLICATE_METHOD_MATCH = YES;
				CODE_SIGN_IDENTITY = "iPhone Developer";
				COPY_PHASE_STRIP = NO;
				DEBUG_INFORMATION_FORMAT = dwarf;
				ENABLE_STRICT_OBJC_MSGSEND = YES;
				ENABLE_TESTABILITY = YES;
				GCC_C_LANGUAGE_STANDARD = gnu11;
				GCC_DYNAMIC_NO_PIC = NO;
				GCC_NO_COMMON_BLOCKS = YES;
				GCC_OPTIMIZATION_LEVEL = 0;
				GCC_PREPROCESSOR_DEFINITIONS = (
					"DEBUG=1",
					"$(inherited)",
				);
				GCC_WARN_64_TO_32_BIT_CONVERSION = YES;
				GCC_WARN_ABOUT_RETURN_TYPE = YES_ERROR;
				GCC_WARN_UNDECLARED_SELECTOR = YES;
				GCC_WARN_UNINITIALIZED_AUTOS = YES_AGGRESSIVE;
				GCC_WARN_UNUSED_FUNCTION = YES;
				GCC_WARN_UNUSED_VARIABLE = YES;
				IPHONEOS_DEPLOYMENT_TARGET = 12.2;
				MTL_ENABLE_DEBUG_INFO = INCLUDE_SOURCE;
				MTL_FAST_MATH = YES;
				ONLY_ACTIVE_ARCH = YES;
				SDKROOT = iphoneos;
				SWIFT_ACTIVE_COMPILATION_CONDITIONS = DEBUG;
				SWIFT_OPTIMIZATION_LEVEL = "-Onone";
			};
			name = Debug;
		};
		492F0F692269506000C6C575 /* Release */ = {
			isa = XCBuildConfiguration;
			buildSettings = {
				ALWAYS_SEARCH_USER_PATHS = NO;
				CLANG_ANALYZER_NONNULL = YES;
				CLANG_ANALYZER_NUMBER_OBJECT_CONVERSION = YES_AGGRESSIVE;
				CLANG_CXX_LANGUAGE_STANDARD = "gnu++14";
				CLANG_CXX_LIBRARY = "libc++";
				CLANG_ENABLE_MODULES = YES;
				CLANG_ENABLE_OBJC_ARC = YES;
				CLANG_ENABLE_OBJC_WEAK = YES;
				CLANG_WARN_BLOCK_CAPTURE_AUTORELEASING = YES;
				CLANG_WARN_BOOL_CONVERSION = YES;
				CLANG_WARN_COMMA = YES;
				CLANG_WARN_CONSTANT_CONVERSION = YES;
				CLANG_WARN_DEPRECATED_OBJC_IMPLEMENTATIONS = YES;
				CLANG_WARN_DIRECT_OBJC_ISA_USAGE = YES_ERROR;
				CLANG_WARN_DOCUMENTATION_COMMENTS = YES;
				CLANG_WARN_EMPTY_BODY = YES;
				CLANG_WARN_ENUM_CONVERSION = YES;
				CLANG_WARN_INFINITE_RECURSION = YES;
				CLANG_WARN_INT_CONVERSION = YES;
				CLANG_WARN_NON_LITERAL_NULL_CONVERSION = YES;
				CLANG_WARN_OBJC_IMPLICIT_RETAIN_SELF = YES;
				CLANG_WARN_OBJC_LITERAL_CONVERSION = YES;
				CLANG_WARN_OBJC_ROOT_CLASS = YES_ERROR;
				CLANG_WARN_RANGE_LOOP_ANALYSIS = YES;
				CLANG_WARN_STRICT_PROTOTYPES = YES;
				CLANG_WARN_SUSPICIOUS_MOVE = YES;
				CLANG_WARN_UNGUARDED_AVAILABILITY = YES_AGGRESSIVE;
				CLANG_WARN_UNREACHABLE_CODE = YES;
				CLANG_WARN__DUPLICATE_METHOD_MATCH = YES;
				CODE_SIGN_IDENTITY = "iPhone Developer";
				COPY_PHASE_STRIP = NO;
				DEBUG_INFORMATION_FORMAT = "dwarf-with-dsym";
				ENABLE_NS_ASSERTIONS = NO;
				ENABLE_STRICT_OBJC_MSGSEND = YES;
				GCC_C_LANGUAGE_STANDARD = gnu11;
				GCC_NO_COMMON_BLOCKS = YES;
				GCC_WARN_64_TO_32_BIT_CONVERSION = YES;
				GCC_WARN_ABOUT_RETURN_TYPE = YES_ERROR;
				GCC_WARN_UNDECLARED_SELECTOR = YES;
				GCC_WARN_UNINITIALIZED_AUTOS = YES_AGGRESSIVE;
				GCC_WARN_UNUSED_FUNCTION = YES;
				GCC_WARN_UNUSED_VARIABLE = YES;
				IPHONEOS_DEPLOYMENT_TARGET = 12.2;
				MTL_ENABLE_DEBUG_INFO = NO;
				MTL_FAST_MATH = YES;
				SDKROOT = iphoneos;
				SWIFT_COMPILATION_MODE = wholemodule;
				SWIFT_OPTIMIZATION_LEVEL = "-O";
				VALIDATE_PRODUCT = YES;
			};
			name = Release;
		};
		492F0F6B2269506000C6C575 /* Debug */ = {
			isa = XCBuildConfiguration;
			buildSettings = {
				ASSETCATALOG_COMPILER_APPICON_NAME = AppIcon;
				CODE_SIGN_STYLE = Automatic;
				DEVELOPMENT_TEAM = W48WYJ4T35;
				INFOPLIST_FILE = Artble/Info.plist;
				LD_RUNPATH_SEARCH_PATHS = (
					"$(inherited)",
					"@executable_path/Frameworks",
				);
				PRODUCT_BUNDLE_IDENTIFIER = com.takeparts.Artble;
				PRODUCT_NAME = "$(TARGET_NAME)";
				SWIFT_VERSION = 5.0;
				TARGETED_DEVICE_FAMILY = "1,2";
			};
			name = Debug;
		};
		492F0F6C2269506000C6C575 /* Release */ = {
			isa = XCBuildConfiguration;
			buildSettings = {
				ASSETCATALOG_COMPILER_APPICON_NAME = AppIcon;
				CODE_SIGN_STYLE = Automatic;
				DEVELOPMENT_TEAM = W48WYJ4T35;
				INFOPLIST_FILE = Artble/Info.plist;
				LD_RUNPATH_SEARCH_PATHS = (
					"$(inherited)",
					"@executable_path/Frameworks",
				);
				PRODUCT_BUNDLE_IDENTIFIER = com.takeparts.Artble;
				PRODUCT_NAME = "$(TARGET_NAME)";
				SWIFT_VERSION = 5.0;
				TARGETED_DEVICE_FAMILY = "1,2";
			};
			name = Release;
		};
/* End XCBuildConfiguration section */

/* Begin XCConfigurationList section */
		492F0F502269505E00C6C575 /* Build configuration list for PBXProject "Artble" */ = {
			isa = XCConfigurationList;
			buildConfigurations = (
				492F0F682269506000C6C575 /* Debug */,
				492F0F692269506000C6C575 /* Release */,
			);
			defaultConfigurationIsVisible = 0;
			defaultConfigurationName = Release;
		};
		492F0F6A2269506000C6C575 /* Build configuration list for PBXNativeTarget "Artble" */ = {
			isa = XCConfigurationList;
			buildConfigurations = (
				492F0F6B2269506000C6C575 /* Debug */,
				492F0F6C2269506000C6C575 /* Release */,
			);
			defaultConfigurationIsVisible = 0;
			defaultConfigurationName = Release;
		};
/* End XCConfigurationList section */

/* Begin XCVersionGroup section */
		492F0F5F2269505E00C6C575 /* Artble.xcdatamodeld */ = {
			isa = XCVersionGroup;
			children = (
				492F0F602269505E00C6C575 /* Artble.xcdatamodel */,
			);
			currentVersion = 492F0F602269505E00C6C575 /* Artble.xcdatamodel */;
			path = Artble.xcdatamodeld;
			sourceTree = "<group>";
			versionGroupType = wrapper.xcdatamodel;
		};
/* End XCVersionGroup section */
	};
	rootObject = 492F0F4D2269505E00C6C575 /* Project object */;
}
